{
  "name": "nrt-javascript-helper",
  "version": "1.0.0",
  "lockfileVersion": 1,
  "requires": true,
  "dependencies": {
    "@types/node": {
      "version": "16.4.4",
      "resolved": "https://registry.npmjs.org/@types/node/-/node-16.4.4.tgz",
      "integrity": "sha512-BH/jX0HjzElFCQdAwaEMwuGBQwm6ViDZ00X6LKdnRRmGWOzkWugEH4+7a0BwfHQ8DfPPCSd/mdsm3Nu8FKFu0w=="
    },
    "compress.js": {
      "version": "1.1.2",
      "resolved": "https://registry.npmjs.org/compress.js/-/compress.js-1.1.2.tgz",
      "integrity": "sha512-92bBngXANtmZpyBqO7E5nQMt6TOJtso8FO5fEx85WeF2t/CDAxs8K+KSu8EuLGMZWWMOdxvFf/bsXG7rOPmAyw=="
    },
    "typescript": {
      "version": "4.3.5",
      "resolved": "https://registry.npmjs.org/typescript/-/typescript-4.3.5.tgz",
      "integrity": "sha512-DqQgihaQ9cUrskJo9kIyW/+g0Vxsk8cDtZ52a3NGh0YNTfpUSArXSohyUGnvbPazEPLu398C0UxmKSOrPumUzA=="
    },
    "vanilla-masker": {
      "version": "1.2.0",
      "resolved": "https://registry.npmjs.org/vanilla-masker/-/vanilla-masker-1.2.0.tgz",
      "integrity": "sha1-woMOnZlKX+zSJhUGR3wnB/5Yl1Y="
    }
  }
}
